
Microsoft Visual Studio Solution File, Format Version 12.00
# Visual Studio Version 16
VisualStudioVersion = 16.0.30128.74
MinimumVisualStudioVersion = 10.0.40219.1
Project("{FAE04EC0-301F-11D3-BF4B-00C04F79EFBC}") = "Pdf to Word Conversion Tool", "Pdf to Word Conversion Tool\Pdf to Word Conversion Tool.csproj", "{3EAE77C1-A511-431A-9B39-CB4E8BF05905}"
EndProject
Global
	GlobalSection(SolutionConfigurationPlatforms) = preSolution
		Debug|Any CPU = Debug|Any CPU
		Release|Any CPU = Release|Any CPU
	EndGlobalSection
	GlobalSection(ProjectConfigurationPlatforms) = postSolution
		{3EAE77C1-A511-431A-9B39-CB4E8BF05905}.Debug|Any CPU.ActiveCfg = Debug|Any CPU
		{3EAE77C1-A511-431A-9B39-CB4E8BF05905}.Debug|Any CPU.Build.0 = Debug|Any CPU
		{3EAE77C1-A511-431A-9B39-CB4E8BF05905}.Release|Any CPU.ActiveCfg = Release|Any CPU
		{3EAE77C1-A511-431A-9B39-CB4E8BF05905}.Release|Any CPU.Build.0 = Release|Any CPU
	EndGlobalSection
	GlobalSection(SolutionProperties) = preSolution
		HideSolutionNode = FALSE
	EndGlobalSection
	GlobalSection(ExtensibilityGlobals) = postSolution
		SolutionGuid = {4E2C9E24-4ED8-4CB6-AB1D-899FD8DADD51}
	EndGlobalSection
EndGlobal
